
Microsoft Visual Studio Solution File, Format Version 12.00
# Visual Studio Version 16
VisualStudioVersion = 16.0.30204.135
MinimumVisualStudioVersion = 10.0.40219.1
Project("{9A19103F-16F7-4668-BE54-9A1E7A4F7556}") = "GameSetupSystem", "GameSetupSystem\GameSetupSystem.csproj", "{EEB53945-E329-4836-AD78-8FA5A093EA39}"
EndProject
Project("{2150E333-8FDC-42A3-9474-1A3956D46DE8}") = "FirstApproach", "FirstApproach", "{6C207EA0-6BC1-463E-873C-A15B6E852EB0}"
EndProject
Project("{2150E333-8FDC-42A3-9474-1A3956D46DE8}") = "SecondApproach", "SecondApproach", "{BA21E171-FC10-4762-A9F7-DDC96518A827}"
EndProject
Project("{2150E333-8FDC-42A3-9474-1A3956D46DE8}") = "ThirdApproach", "ThirdApproach", "{624D7D7D-9071-42F8-A08B-F005B2A19B0B}"
EndProject
Project("{9A19103F-16F7-4668-BE54-9A1E7A4F7556}") = "SecondApproachApplication", "SecondApproachApplication\SecondApproachApplication.csproj", "{B07FDE07-8846-4804-895C-5C09499841F2}"
EndProject
Project("{9A19103F-16F7-4668-BE54-9A1E7A4F7556}") = "SecondApproachDomain", "SecondApproachDomain\SecondApproachDomain.csproj", "{11B4D95A-0E9E-4AF3-899C-23EC85637A9A}"
EndProject
Project("{9A19103F-16F7-4668-BE54-9A1E7A4F7556}") = "ThirdApproachApplication", "ThirdApproachApplication\ThirdApproachApplication.csproj", "{3F49AF10-E797-4EC6-81DD-805359DEC0F0}"
EndProject
Project("{9A19103F-16F7-4668-BE54-9A1E7A4F7556}") = "ThirdApproachDomain", "ThirdApproachDomain\ThirdApproachDomain.csproj", "{88949EA4-49AB-482A-9460-5383047F4908}"
EndProject
Project("{9A19103F-16F7-4668-BE54-9A1E7A4F7556}") = "FirstApproachApplicationLayer", "FirstApproachApplicationLayer\FirstApproachApplicationLayer.csproj", "{8D339971-A798-49D7-BECC-738233FC4C06}"
EndProject
Project("{9A19103F-16F7-4668-BE54-9A1E7A4F7556}") = "FirstApproachDomainLayer", "FirstApproachDomainLayer\FirstApproachDomainLayer.csproj", "{BB4E9188-90BA-4B00-9D1C-E4DF9D9EE3F0}"
EndProject
Project("{FAE04EC0-301F-11D3-BF4B-00C04F79EFBC}") = "ThirdApproachDomainTests", "ThirdApproachDomainTests\ThirdApproachDomainTests.csproj", "{D02E97CB-38D2-4652-93C4-DC69D6C70FE6}"
EndProject
Global
	GlobalSection(SolutionConfigurationPlatforms) = preSolution
		Debug|Any CPU = Debug|Any CPU
		Release|Any CPU = Release|Any CPU
	EndGlobalSection
	GlobalSection(ProjectConfigurationPlatforms) = postSolution
		{EEB53945-E329-4836-AD78-8FA5A093EA39}.Debug|Any CPU.ActiveCfg = Debug|Any CPU
		{EEB53945-E329-4836-AD78-8FA5A093EA39}.Debug|Any CPU.Build.0 = Debug|Any CPU
		{EEB53945-E329-4836-AD78-8FA5A093EA39}.Release|Any CPU.ActiveCfg = Release|Any CPU
		{EEB53945-E329-4836-AD78-8FA5A093EA39}.Release|Any CPU.Build.0 = Release|Any CPU
		{B07FDE07-8846-4804-895C-5C09499841F2}.Debug|Any CPU.ActiveCfg = Debug|Any CPU
		{B07FDE07-8846-4804-895C-5C09499841F2}.Debug|Any CPU.Build.0 = Debug|Any CPU
		{B07FDE07-8846-4804-895C-5C09499841F2}.Release|Any CPU.ActiveCfg = Release|Any CPU
		{B07FDE07-8846-4804-895C-5C09499841F2}.Release|Any CPU.Build.0 = Release|Any CPU
		{11B4D95A-0E9E-4AF3-899C-23EC85637A9A}.Debug|Any CPU.ActiveCfg = Debug|Any CPU
		{11B4D95A-0E9E-4AF3-899C-23EC85637A9A}.Debug|Any CPU.Build.0 = Debug|Any CPU
		{11B4D95A-0E9E-4AF3-899C-23EC85637A9A}.Release|Any CPU.ActiveCfg = Release|Any CPU
		{11B4D95A-0E9E-4AF3-899C-23EC85637A9A}.Release|Any CPU.Build.0 = Release|Any CPU
		{3F49AF10-E797-4EC6-81DD-805359DEC0F0}.Debug|Any CPU.ActiveCfg = Debug|Any CPU
		{3F49AF10-E797-4EC6-81DD-805359DEC0F0}.Debug|Any CPU.Build.0 = Debug|Any CPU
		{3F49AF10-E797-4EC6-81DD-805359DEC0F0}.Release|Any CPU.ActiveCfg = Release|Any CPU
		{3F49AF10-E797-4EC6-81DD-805359DEC0F0}.Release|Any CPU.Build.0 = Release|Any CPU
		{88949EA4-49AB-482A-9460-5383047F4908}.Debug|Any CPU.ActiveCfg = Debug|Any CPU
		{88949EA4-49AB-482A-9460-5383047F4908}.Debug|Any CPU.Build.0 = Debug|Any CPU
		{88949EA4-49AB-482A-9460-5383047F4908}.Release|Any CPU.ActiveCfg = Release|Any CPU
		{88949EA4-49AB-482A-9460-5383047F4908}.Release|Any CPU.Build.0 = Release|Any CPU
		{8D339971-A798-49D7-BECC-738233FC4C06}.Debug|Any CPU.ActiveCfg = Debug|Any CPU
		{8D339971-A798-49D7-BECC-738233FC4C06}.Debug|Any CPU.Build.0 = Debug|Any CPU
		{8D339971-A798-49D7-BECC-738233FC4C06}.Release|Any CPU.ActiveCfg = Release|Any CPU
		{8D339971-A798-49D7-BECC-738233FC4C06}.Release|Any CPU.Build.0 = Release|Any CPU
		{BB4E9188-90BA-4B00-9D1C-E4DF9D9EE3F0}.Debug|Any CPU.ActiveCfg = Debug|Any CPU
		{BB4E9188-90BA-4B00-9D1C-E4DF9D9EE3F0}.Debug|Any CPU.Build.0 = Debug|Any CPU
		{BB4E9188-90BA-4B00-9D1C-E4DF9D9EE3F0}.Release|Any CPU.ActiveCfg = Release|Any CPU
		{BB4E9188-90BA-4B00-9D1C-E4DF9D9EE3F0}.Release|Any CPU.Build.0 = Release|Any CPU
		{D02E97CB-38D2-4652-93C4-DC69D6C70FE6}.Debug|Any CPU.ActiveCfg = Debug|Any CPU
		{D02E97CB-38D2-4652-93C4-DC69D6C70FE6}.Debug|Any CPU.Build.0 = Debug|Any CPU
		{D02E97CB-38D2-4652-93C4-DC69D6C70FE6}.Release|Any CPU.ActiveCfg = Release|Any CPU
		{D02E97CB-38D2-4652-93C4-DC69D6C70FE6}.Release|Any CPU.Build.0 = Release|Any CPU
	EndGlobalSection
	GlobalSection(SolutionProperties) = preSolution
		HideSolutionNode = FALSE
	EndGlobalSection
	GlobalSection(NestedProjects) = preSolution
		{B07FDE07-8846-4804-895C-5C09499841F2} = {BA21E171-FC10-4762-A9F7-DDC96518A827}
		{11B4D95A-0E9E-4AF3-899C-23EC85637A9A} = {BA21E171-FC10-4762-A9F7-DDC96518A827}
		{3F49AF10-E797-4EC6-81DD-805359DEC0F0} = {624D7D7D-9071-42F8-A08B-F005B2A19B0B}
		{88949EA4-49AB-482A-9460-5383047F4908} = {624D7D7D-9071-42F8-A08B-F005B2A19B0B}
		{8D339971-A798-49D7-BECC-738233FC4C06} = {6C207EA0-6BC1-463E-873C-A15B6E852EB0}
		{BB4E9188-90BA-4B00-9D1C-E4DF9D9EE3F0} = {6C207EA0-6BC1-463E-873C-A15B6E852EB0}
		{D02E97CB-38D2-4652-93C4-DC69D6C70FE6} = {624D7D7D-9071-42F8-A08B-F005B2A19B0B}
	EndGlobalSection
	GlobalSection(ExtensibilityGlobals) = postSolution
		SolutionGuid = {2F62068E-60D4-4E31-A0B0-1C567DFE4FF5}
	EndGlobalSection
EndGlobal
